
Microsoft Visual Studio Solution File, Format Version 12.00
Project("{FAE04EC0-301F-11D3-BF4B-00C04F79EFBC}") = "QuestPDF.ReportSample", "QuestPDF.ReportSample\QuestPDF.ReportSample.csproj", "{6718C16B-CB31-46E0-A9A6-920EBC36BE4D}"
EndProject
Project("{FAE04EC0-301F-11D3-BF4B-00C04F79EFBC}") = "QuestPDF", "QuestPDF\QuestPDF.csproj", "{1FA7DFE3-8FBF-4D14-887F-03231B75F93F}"
EndProject
Project("{FAE04EC0-301F-11D3-BF4B-00C04F79EFBC}") = "QuestPDF.UnitTests", "QuestPDF.UnitTests\QuestPDF.UnitTests.csproj", "{4D0CC9F4-46D9-4015-AE24-08A5B5CC7AE7}"
EndProject
Project("{2150E333-8FDC-42A3-9474-1A3956D46DE8}") = "Configuration", "Configuration", "{73123649-216A-47B4-BFB2-DADF13FBE75D}"
	ProjectSection(SolutionItems) = preProject
		.editorconfig = .editorconfig
	EndProjectSection
EndProject
Project("{FAE04EC0-301F-11D3-BF4B-00C04F79EFBC}") = "QuestPDF.LayoutTests", "QuestPDF.LayoutTests\QuestPDF.LayoutTests.csproj", "{37DC7D64-CBAC-4C00-B4CE-CA50ABF764EB}"
EndProject
Project("{FAE04EC0-301F-11D3-BF4B-00C04F79EFBC}") = "QuestPDF.Companion.TestRunner", "QuestPDF.Companion.TestRunner\QuestPDF.Companion.TestRunner.csproj", "{A7A5A88F-1E8C-4FB9-A054-AC5D46C8F18E}"
EndProject
Project("{FAE04EC0-301F-11D3-BF4B-00C04F79EFBC}") = "QuestPDF.ZUGFeRD", "QuestPDF.ZUGFeRD\QuestPDF.ZUGFeRD.csproj", "{B301CCFC-9E8B-4C4E-B34A-C95CF6D03367}"
EndProject
Project("{FAE04EC0-301F-11D3-BF4B-00C04F79EFBC}") = "QuestPDF.DocumentationExamples", "QuestPDF.DocumentationExamples\QuestPDF.DocumentationExamples.csproj", "{91293E51-0830-4E30-8AD5-75536F19DB95}"
EndProject
Project("{FAE04EC0-301F-11D3-BF4B-00C04F79EFBC}") = "QuestPDF.VisualTests", "QuestPDF.VisualTests\QuestPDF.VisualTests.csproj", "{D7EB8ACD-4F99-439C-898F-EBFF0AFE367E}"
EndProject
Project("{FAE04EC0-301F-11D3-BF4B-00C04F79EFBC}") = "QuestPDF.InteropGenerators", "QuestPDF.InteropGenerators\QuestPDF.InteropGenerators.csproj", "{2C61E019-7959-40C5-9C55-3B5B4F7E5107}"
EndProject
Project("{FAE04EC0-301F-11D3-BF4B-00C04F79EFBC}") = "QuestPDF.InteropGenerators.Tests", "QuestPDF.InteropGenerators.Tests\QuestPDF.InteropGenerators.Tests.csproj", "{DE8A9B13-88EF-4EC5-AC77-3B9453E3D48C}"
EndProject
Global
	GlobalSection(SolutionConfigurationPlatforms) = preSolution
		Debug|Any CPU = Debug|Any CPU
		Release|Any CPU = Release|Any CPU
	EndGlobalSection
	GlobalSection(ProjectConfigurationPlatforms) = postSolution
		{6718C16B-CB31-46E0-A9A6-920EBC36BE4D}.Debug|Any CPU.ActiveCfg = Debug|Any CPU
		{6718C16B-CB31-46E0-A9A6-920EBC36BE4D}.Debug|Any CPU.Build.0 = Debug|Any CPU
		{6718C16B-CB31-46E0-A9A6-920EBC36BE4D}.Release|Any CPU.ActiveCfg = Release|Any CPU
		{6718C16B-CB31-46E0-A9A6-920EBC36BE4D}.Release|Any CPU.Build.0 = Release|Any CPU
		{1FA7DFE3-8FBF-4D14-887F-03231B75F93F}.Debug|Any CPU.ActiveCfg = Debug|Any CPU
		{1FA7DFE3-8FBF-4D14-887F-03231B75F93F}.Debug|Any CPU.Build.0 = Debug|Any CPU
		{1FA7DFE3-8FBF-4D14-887F-03231B75F93F}.Release|Any CPU.ActiveCfg = Release|Any CPU
		{1FA7DFE3-8FBF-4D14-887F-03231B75F93F}.Release|Any CPU.Build.0 = Release|Any CPU
		{4D0CC9F4-46D9-4015-AE24-08A5B5CC7AE7}.Debug|Any CPU.ActiveCfg = Debug|Any CPU
		{4D0CC9F4-46D9-4015-AE24-08A5B5CC7AE7}.Debug|Any CPU.Build.0 = Debug|Any CPU
		{4D0CC9F4-46D9-4015-AE24-08A5B5CC7AE7}.Release|Any CPU.ActiveCfg = Release|Any CPU
		{4D0CC9F4-46D9-4015-AE24-08A5B5CC7AE7}.Release|Any CPU.Build.0 = Release|Any CPU
		{37DC7D64-CBAC-4C00-B4CE-CA50ABF764EB}.Debug|Any CPU.ActiveCfg = Debug|Any CPU
		{37DC7D64-CBAC-4C00-B4CE-CA50ABF764EB}.Debug|Any CPU.Build.0 = Debug|Any CPU
		{37DC7D64-CBAC-4C00-B4CE-CA50ABF764EB}.Release|Any CPU.ActiveCfg = Release|Any CPU
		{37DC7D64-CBAC-4C00-B4CE-CA50ABF764EB}.Release|Any CPU.Build.0 = Release|Any CPU
		{A7A5A88F-1E8C-4FB9-A054-AC5D46C8F18E}.Debug|Any CPU.ActiveCfg = Debug|Any CPU
		{A7A5A88F-1E8C-4FB9-A054-AC5D46C8F18E}.Debug|Any CPU.Build.0 = Debug|Any CPU
		{A7A5A88F-1E8C-4FB9-A054-AC5D46C8F18E}.Release|Any CPU.ActiveCfg = Release|Any CPU
		{A7A5A88F-1E8C-4FB9-A054-AC5D46C8F18E}.Release|Any CPU.Build.0 = Release|Any CPU
		{B301CCFC-9E8B-4C4E-B34A-C95CF6D03367}.Debug|Any CPU.ActiveCfg = Debug|Any CPU
		{B301CCFC-9E8B-4C4E-B34A-C95CF6D03367}.Debug|Any CPU.Build.0 = Debug|Any CPU
		{B301CCFC-9E8B-4C4E-B34A-C95CF6D03367}.Release|Any CPU.ActiveCfg = Release|Any CPU
		{B301CCFC-9E8B-4C4E-B34A-C95CF6D03367}.Release|Any CPU.Build.0 = Release|Any CPU
		{91293E51-0830-4E30-8AD5-75536F19DB95}.Debug|Any CPU.ActiveCfg = Debug|Any CPU
		{91293E51-0830-4E30-8AD5-75536F19DB95}.Debug|Any CPU.Build.0 = Debug|Any CPU
		{91293E51-0830-4E30-8AD5-75536F19DB95}.Release|Any CPU.ActiveCfg = Release|Any CPU
		{91293E51-0830-4E30-8AD5-75536F19DB95}.Release|Any CPU.Build.0 = Release|Any CPU
		{D7EB8ACD-4F99-439C-898F-EBFF0AFE367E}.Debug|Any CPU.ActiveCfg = Debug|Any CPU
		{D7EB8ACD-4F99-439C-898F-EBFF0AFE367E}.Debug|Any CPU.Build.0 = Debug|Any CPU
		{D7EB8ACD-4F99-439C-898F-EBFF0AFE367E}.Release|Any CPU.ActiveCfg = Release|Any CPU
		{D7EB8ACD-4F99-439C-898F-EBFF0AFE367E}.Release|Any CPU.Build.0 = Release|Any CPU
		{2C61E019-7959-40C5-9C55-3B5B4F7E5107}.Debug|Any CPU.ActiveCfg = Debug|Any CPU
		{2C61E019-7959-40C5-9C55-3B5B4F7E5107}.Debug|Any CPU.Build.0 = Debug|Any CPU
		{2C61E019-7959-40C5-9C55-3B5B4F7E5107}.Release|Any CPU.ActiveCfg = Release|Any CPU
		{2C61E019-7959-40C5-9C55-3B5B4F7E5107}.Release|Any CPU.Build.0 = Release|Any CPU
		{DE8A9B13-88EF-4EC5-AC77-3B9453E3D48C}.Debug|Any CPU.ActiveCfg = Debug|Any CPU
		{DE8A9B13-88EF-4EC5-AC77-3B9453E3D48C}.Debug|Any CPU.Build.0 = Debug|Any CPU
		{DE8A9B13-88EF-4EC5-AC77-3B9453E3D48C}.Release|Any CPU.ActiveCfg = Release|Any CPU
		{DE8A9B13-88EF-4EC5-AC77-3B9453E3D48C}.Release|Any CPU.Build.0 = Release|Any CPU
	EndGlobalSection
EndGlobal
